
Microsoft Visual Studio Solution File, Format Version 12.00
# Visual Studio Version 16
VisualStudioVersion = 16.0.31229.75
MinimumVisualStudioVersion = 10.0.40219.1
Project("{9A19103F-16F7-4668-BE54-9A1E7A4F7556}") = "RestApp", "RestApp\RestApp.csproj", "{50501665-C4EB-4607-9A74-734072153DEA}"
EndProject
Project("{9A19103F-16F7-4668-BE54-9A1E7A4F7556}") = "LibraryMenu", "..\Parser\LibraryMenu\LibraryMenu.csproj", "{506DAA7E-B9D5-43DE-A0F0-77751271E87F}"
EndProject
Global
	GlobalSection(SolutionConfigurationPlatforms) = preSolution
		Debug|Any CPU = Debug|Any CPU
		Release|Any CPU = Release|Any CPU
	EndGlobalSection
	GlobalSection(ProjectConfigurationPlatforms) = postSolution
		{50501665-C4EB-4607-9A74-734072153DEA}.Debug|Any CPU.ActiveCfg = Debug|Any CPU
		{50501665-C4EB-4607-9A74-734072153DEA}.Debug|Any CPU.Build.0 = Debug|Any CPU
		{50501665-C4EB-4607-9A74-734072153DEA}.Release|Any CPU.ActiveCfg = Release|Any CPU
		{50501665-C4EB-4607-9A74-734072153DEA}.Release|Any CPU.Build.0 = Release|Any CPU
		{506DAA7E-B9D5-43DE-A0F0-77751271E87F}.Debug|Any CPU.ActiveCfg = Debug|Any CPU
		{506DAA7E-B9D5-43DE-A0F0-77751271E87F}.Debug|Any CPU.Build.0 = Debug|Any CPU
		{506DAA7E-B9D5-43DE-A0F0-77751271E87F}.Release|Any CPU.ActiveCfg = Release|Any CPU
		{506DAA7E-B9D5-43DE-A0F0-77751271E87F}.Release|Any CPU.Build.0 = Release|Any CPU
	EndGlobalSection
	GlobalSection(SolutionProperties) = preSolution
		HideSolutionNode = FALSE
	EndGlobalSection
	GlobalSection(ExtensibilityGlobals) = postSolution
		SolutionGuid = {963F4EB5-979B-4959-B530-8A5DAEB2DFED}
	EndGlobalSection
EndGlobal
